{
  "pins" : [
    {
      "identity" : "designsystemtest",
      "kind" : "remoteSourceControl",
      "location" : "https://github.com/LuizCarlosAraujo/DesignSystemTest.git",
      "state" : {
        "branch" : "main",
        "revision" : "04d28199cdf1aca3a67c2ed941266291aa811495"
      }
    }
  ],
  "version" : 2
}
