{
  "pins" : [
    {
      "identity" : "designsystemtest",
      "kind" : "remoteSourceControl",
      "location" : "https://github.com/LuizCarlosAraujo/DesignSystemTest.git",
      "state" : {
        "branch" : "main",
        "revision" : "4d6950152109e0805cc0e3e706e4b0be7eebcc84"
      }
    }
  ],
  "version" : 2
}
